// !$*UTF8*$!
{
	archiveVersion = 1;
	classes = {
	};
	objectVersion = 48;
	objects = {

/* Begin PBXBuildFile section */
		EBDF11C7200834FC00F120AE /* AppDelegate.m in Sources */ = {isa = PBXBuildFile; fileRef = EBDF11C6200834FC00F120AE /* AppDelegate.m */; };
		EBDF11CA200834FC00F120AE /* AquariumsController.m in Sources */ = {isa = PBXBuildFile; fileRef = EBDF11C9200834FC00F120AE /* AquariumsController.m */; };
		EBDF11CF200834FC00F120AE /* Assets.xcassets in Resources */ = {isa = PBXBuildFile; fileRef = EBDF11CE200834FC00F120AE /* Assets.xcassets */; };
		EBDF11D2200834FC00F120AE /* LaunchScreen.storyboard in Resources */ = {isa = PBXBuildFile; fileRef = EBDF11D0200834FC00F120AE /* LaunchScreen.storyboard */; };
		EBDF11D5200834FC00F120AE /* main.m in Sources */ = {isa = PBXBuildFile; fileRef = EBDF11D4200834FC00F120AE /* main.m */; };
		EBDF11DD20083B4800F120AE /* Model.xcdatamodeld in Sources */ = {isa = PBXBuildFile; fileRef = EBDF11DB20083B4800F120AE /* Model.xcdatamodeld */; };
		EBE219352050DB6C00950DE4 /* EventsController.m in Sources */ = {isa = PBXBuildFile; fileRef = EBE219342050DB6C00950DE4 /* EventsController.m */; };
		EBF22959204F920800C9EFAD /* AquariumFeedController.m in Sources */ = {isa = PBXBuildFile; fileRef = EBF22958204F920800C9EFAD /* AquariumFeedController.m */; };
		EBF9AD0E20413557001F1E2C /* DataController.m in Sources */ = {isa = PBXBuildFile; fileRef = EBF9AD0D20413557001F1E2C /* DataController.m */; };
/* End PBXBuildFile section */

/* Begin PBXFileReference section */
		EBDF11C2200834FC00F120AE /* AquariumHelper.app */ = {isa = PBXFileReference; explicitFileType = wrapper.application; includeInIndex = 0; path = AquariumHelper.app; sourceTree = BUILT_PRODUCTS_DIR; };
		EBDF11C5200834FC00F120AE /* AppDelegate.h */ = {isa = PBXFileReference; lastKnownFileType = sourcecode.c.h; path = AppDelegate.h; sourceTree = "<group>"; };
		EBDF11C6200834FC00F120AE /* AppDelegate.m */ = {isa = PBXFileReference; lastKnownFileType = sourcecode.c.objc; path = AppDelegate.m; sourceTree = "<group>"; };
		EBDF11C9200834FC00F120AE /* AquariumsController.m */ = {isa = PBXFileReference; lastKnownFileType = sourcecode.c.objc; path = AquariumsController.m; sourceTree = "<group>"; };
		EBDF11CE200834FC00F120AE /* Assets.xcassets */ = {isa = PBXFileReference; lastKnownFileType = folder.assetcatalog; path = Assets.xcassets; sourceTree = "<group>"; };
		EBDF11D1200834FC00F120AE /* Base */ = {isa = PBXFileReference; lastKnownFileType = file.storyboard; name = Base; path = Base.lproj/LaunchScreen.storyboard; sourceTree = "<group>"; };
		EBDF11D3200834FC00F120AE /* Info.plist */ = {isa = PBXFileReference; lastKnownFileType = text.plist.xml; path = Info.plist; sourceTree = "<group>"; };
		EBDF11D4200834FC00F120AE /* main.m */ = {isa = PBXFileReference; lastKnownFileType = sourcecode.c.objc; path = main.m; sourceTree = "<group>"; };
		EBDF11DC20083B4800F120AE /* Model.xcdatamodel */ = {isa = PBXFileReference; lastKnownFileType = wrapper.xcdatamodel; path = Model.xcdatamodel; sourceTree = "<group>"; };
		EBE219332050DB6C00950DE4 /* EventsController.h */ = {isa = PBXFileReference; lastKnownFileType = sourcecode.c.h; path = EventsController.h; sourceTree = "<group>"; };
		EBE219342050DB6C00950DE4 /* EventsController.m */ = {isa = PBXFileReference; lastKnownFileType = sourcecode.c.objc; path = EventsController.m; sourceTree = "<group>"; };
		EBF22956204F8F9E00C9EFAD /* AquariumsController.h */ = {isa = PBXFileReference; fileEncoding = 4; lastKnownFileType = sourcecode.c.h; path = AquariumsController.h; sourceTree = "<group>"; };
		EBF22958204F920800C9EFAD /* AquariumFeedController.m */ = {isa = PBXFileReference; lastKnownFileType = sourcecode.c.objc; path = AquariumFeedController.m; sourceTree = "<group>"; };
		EBF2295A204F964D00C9EFAD /* AquariumFeedController.h */ = {isa = PBXFileReference; fileEncoding = 4; lastKnownFileType = sourcecode.c.h; path = AquariumFeedController.h; sourceTree = "<group>"; };
		EBF9AD0C20413557001F1E2C /* DataController.h */ = {isa = PBXFileReference; lastKnownFileType = sourcecode.c.h; path = DataController.h; sourceTree = "<group>"; };
		EBF9AD0D20413557001F1E2C /* DataController.m */ = {isa = PBXFileReference; lastKnownFileType = sourcecode.c.objc; path = DataController.m; sourceTree = "<group>"; };
/* End PBXFileReference section */

/* Begin PBXFrameworksBuildPhase section */
		EBDF11BF200834FC00F120AE /* Frameworks */ = {
			isa = PBXFrameworksBuildPhase;
			buildActionMask = 2147483647;
			files = (
			);
			runOnlyForDeploymentPostprocessing = 0;
		};
/* End PBXFrameworksBuildPhase section */

/* Begin PBXGroup section */
		EBDF11B9200834FC00F120AE = {
			isa = PBXGroup;
			children = (
				EBDF11C4200834FC00F120AE /* AquariumHelper */,
				EBDF11C3200834FC00F120AE /* Products */,
			);
			sourceTree = "<group>";
		};
		EBDF11C3200834FC00F120AE /* Products */ = {
			isa = PBXGroup;
			children = (
				EBDF11C2200834FC00F120AE /* AquariumHelper.app */,
			);
			name = Products;
			sourceTree = "<group>";
		};
		EBDF11C4200834FC00F120AE /* AquariumHelper */ = {
			isa = PBXGroup;
			children = (
				EBDF11C5200834FC00F120AE /* AppDelegate.h */,
				EBDF11C6200834FC00F120AE /* AppDelegate.m */,
				EBF22956204F8F9E00C9EFAD /* AquariumsController.h */,
				EBDF11C9200834FC00F120AE /* AquariumsController.m */,
				EBDF11CE200834FC00F120AE /* Assets.xcassets */,
				EBDF11D0200834FC00F120AE /* LaunchScreen.storyboard */,
				EBDF11D3200834FC00F120AE /* Info.plist */,
				EBDF11D4200834FC00F120AE /* main.m */,
				EBDF11DB20083B4800F120AE /* Model.xcdatamodeld */,
				EBF9AD0C20413557001F1E2C /* DataController.h */,
				EBF9AD0D20413557001F1E2C /* DataController.m */,
				EBF2295A204F964D00C9EFAD /* AquariumFeedController.h */,
				EBF22958204F920800C9EFAD /* AquariumFeedController.m */,
				EBE219332050DB6C00950DE4 /* EventsController.h */,
				EBE219342050DB6C00950DE4 /* EventsController.m */,
			);
			path = AquariumHelper;
			sourceTree = "<group>";
		};
/* End PBXGroup section */

/* Begin PBXNativeTarget section */
		EBDF11C1200834FC00F120AE /* AquariumHelper */ = {
			isa = PBXNativeTarget;
			buildConfigurationList = EBDF11D8200834FC00F120AE /* Build configuration list for PBXNativeTarget "AquariumHelper" */;
			buildPhases = (
				EBDF11BE200834FC00F120AE /* Sources */,
				EBDF11BF200834FC00F120AE /* Frameworks */,
				EBDF11C0200834FC00F120AE /* Resources */,
			);
			buildRules = (
			);
			dependencies = (
			);
			name = AquariumHelper;
			productName = AquariumHelper;
			productReference = EBDF11C2200834FC00F120AE /* AquariumHelper.app */;
			productType = "com.apple.product-type.application";
		};
/* End PBXNativeTarget section */

/* Begin PBXProject section */
		EBDF11BA200834FC00F120AE /* Project object */ = {
			isa = PBXProject;
			attributes = {
				LastUpgradeCheck = 0920;
				ORGANIZATIONNAME = "Ken Zheng";
				TargetAttributes = {
					EBDF11C1200834FC00F120AE = {
						CreatedOnToolsVersion = 9.2;
						ProvisioningStyle = Automatic;
					};
				};
			};
			buildConfigurationList = EBDF11BD200834FC00F120AE /* Build configuration list for PBXProject "AquariumHelper" */;
			compatibilityVersion = "Xcode 8.0";
			developmentRegion = en;
			hasScannedForEncodings = 0;
			knownRegions = (
				en,
				Base,
			);
			mainGroup = EBDF11B9200834FC00F120AE;
			productRefGroup = EBDF11C3200834FC00F120AE /* Products */;
			projectDirPath = "";
			projectRoot = "";
			targets = (
				EBDF11C1200834FC00F120AE /* AquariumHelper */,
			);
		};
/* End PBXProject section */

/* Begin PBXResourcesBuildPhase section */
		EBDF11C0200834FC00F120AE /* Resources */ = {
			isa = PBXResourcesBuildPhase;
			buildActionMask = 2147483647;
			files = (
				EBDF11D2200834FC00F120AE /* LaunchScreen.storyboard in Resources */,
				EBDF11CF200834FC00F120AE /* Assets.xcassets in Resources */,
			);
			runOnlyForDeploymentPostprocessing = 0;
		};
/* End PBXResourcesBuildPhase section */

/* Begin PBXSourcesBuildPhase section */
		EBDF11BE200834FC00F120AE /* Sources */ = {
			isa = PBXSourcesBuildPhase;
			buildActionMask = 2147483647;
			files = (
				EBDF11CA200834FC00F120AE /* AquariumsController.m in Sources */,
				EBDF11D5200834FC00F120AE /* main.m in Sources */,
				EBDF11C7200834FC00F120AE /* AppDelegate.m in Sources */,
				EBF9AD0E20413557001F1E2C /* DataController.m in Sources */,
				EBDF11DD20083B4800F120AE /* Model.xcdatamodeld in Sources */,
				EBF22959204F920800C9EFAD /* AquariumFeedController.m in Sources */,
				EBE219352050DB6C00950DE4 /* EventsController.m in Sources */,
			);
			runOnlyForDeploymentPostprocessing = 0;
		};
/* End PBXSourcesBuildPhase section */

/* Begin PBXVariantGroup section */
		EBDF11D0200834FC00F120AE /* LaunchScreen.storyboard */ = {
			isa = PBXVariantGroup;
			children = (
				EBDF11D1200834FC00F120AE /* Base */,
			);
			name = LaunchScreen.storyboard;
			sourceTree = "<group>";
		};
/* End PBXVariantGroup section */

/* Begin XCBuildConfiguration section */
		EBDF11D6200834FC00F120AE /* Debug */ = {
			isa = XCBuildConfiguration;
			buildSettings = {
				ALWAYS_SEARCH_USER_PATHS = NO;
				CLANG_ANALYZER_NONNULL = YES;
				CLANG_ANALYZER_NUMBER_OBJECT_CONVERSION = YES_AGGRESSIVE;
				CLANG_CXX_LANGUAGE_STANDARD = "gnu++14";
				CLANG_CXX_LIBRARY = "libc++";
				CLANG_ENABLE_MODULES = YES;
				CLANG_ENABLE_OBJC_ARC = YES;
				CLANG_WARN_BLOCK_CAPTURE_AUTORELEASING = YES;
				CLANG_WARN_BOOL_CONVERSION = YES;
				CLANG_WARN_COMMA = YES;
				CLANG_WARN_CONSTANT_CONVERSION = YES;
				CLANG_WARN_DIRECT_OBJC_ISA_USAGE = YES_ERROR;
				CLANG_WARN_DOCUMENTATION_COMMENTS = YES;
				CLANG_WARN_EMPTY_BODY = YES;
				CLANG_WARN_ENUM_CONVERSION = YES;
				CLANG_WARN_INFINITE_RECURSION = YES;
				CLANG_WARN_INT_CONVERSION = YES;
				CLANG_WARN_NON_LITERAL_NULL_CONVERSION = YES;
				CLANG_WARN_OBJC_LITERAL_CONVERSION = YES;
				CLANG_WARN_OBJC_ROOT_CLASS = YES_ERROR;
				CLANG_WARN_RANGE_LOOP_ANALYSIS = YES;
				CLANG_WARN_STRICT_PROTOTYPES = YES;
				CLANG_WARN_SUSPICIOUS_MOVE = YES;
				CLANG_WARN_UNGUARDED_AVAILABILITY = YES_AGGRESSIVE;
				CLANG_WARN_UNREACHABLE_CODE = YES;
				CLANG_WARN__DUPLICATE_METHOD_MATCH = YES;
				CODE_SIGN_IDENTITY = "iPhone Developer";
				COPY_PHASE_STRIP = NO;
				DEBUG_INFORMATION_FORMAT = dwarf;
				ENABLE_STRICT_OBJC_MSGSEND = YES;
				ENABLE_TESTABILITY = YES;
				GCC_C_LANGUAGE_STANDARD = gnu11;
				GCC_DYNAMIC_NO_PIC = NO;
				GCC_NO_COMMON_BLOCKS = YES;
				GCC_OPTIMIZATION_LEVEL = 0;
				GCC_PREPROCESSOR_DEFINITIONS = (
					"DEBUG=1",
					"$(inherited)",
				);
				GCC_WARN_64_TO_32_BIT_CONVERSION = YES;
				GCC_WARN_ABOUT_RETURN_TYPE = YES_ERROR;
				GCC_WARN_UNDECLARED_SELECTOR = YES;
				GCC_WARN_UNINITIALIZED_AUTOS = YES_AGGRESSIVE;
				GCC_WARN_UNUSED_FUNCTION = YES;
				GCC_WARN_UNUSED_VARIABLE = YES;
				IPHONEOS_DEPLOYMENT_TARGET = 11.2;
				MTL_ENABLE_DEBUG_INFO = YES;
				ONLY_ACTIVE_ARCH = YES;
				SDKROOT = iphoneos;
			};
			name = Debug;
		};
		EBDF11D7200834FC00F120AE /* Release */ = {
			isa = XCBuildConfiguration;
			buildSettings = {
				ALWAYS_SEARCH_USER_PATHS = NO;
				CLANG_ANALYZER_NONNULL = YES;
				CLANG_ANALYZER_NUMBER_OBJECT_CONVERSION = YES_AGGRESSIVE;
				CLANG_CXX_LANGUAGE_STANDARD = "gnu++14";
				CLANG_CXX_LIBRARY = "libc++";
				CLANG_ENABLE_MODULES = YES;
				CLANG_ENABLE_OBJC_ARC = YES;
				CLANG_WARN_BLOCK_CAPTURE_AUTORELEASING = YES;
				CLANG_WARN_BOOL_CONVERSION = YES;
				CLANG_WARN_COMMA = YES;
				CLANG_WARN_CONSTANT_CONVERSION = YES;
				CLANG_WARN_DIRECT_OBJC_ISA_USAGE = YES_ERROR;
				CLANG_WARN_DOCUMENTATION_COMMENTS = YES;
				CLANG_WARN_EMPTY_BODY = YES;
				CLANG_WARN_ENUM_CONVERSION = YES;
				CLANG_WARN_INFINITE_RECURSION = YES;
				CLANG_WARN_INT_CONVERSION = YES;
				CLANG_WARN_NON_LITERAL_NULL_CONVERSION = YES;
				CLANG_WARN_OBJC_LITERAL_CONVERSION = YES;
				CLANG_WARN_OBJC_ROOT_CLASS = YES_ERROR;
				CLANG_WARN_RANGE_LOOP_ANALYSIS = YES;
				CLANG_WARN_STRICT_PROTOTYPES = YES;
				CLANG_WARN_SUSPICIOUS_MOVE = YES;
				CLANG_WARN_UNGUARDED_AVAILABILITY = YES_AGGRESSIVE;
				CLANG_WARN_UNREACHABLE_CODE = YES;
				CLANG_WARN__DUPLICATE_METHOD_MATCH = YES;
				CODE_SIGN_IDENTITY = "iPhone Developer";
				COPY_PHASE_STRIP = NO;
				DEBUG_INFORMATION_FORMAT = "dwarf-with-dsym";
				ENABLE_NS_ASSERTIONS = NO;
				ENABLE_STRICT_OBJC_MSGSEND = YES;
				GCC_C_LANGUAGE_STANDARD = gnu11;
				GCC_NO_COMMON_BLOCKS = YES;
				GCC_WARN_64_TO_32_BIT_CONVERSION = YES;
				GCC_WARN_ABOUT_RETURN_TYPE = YES_ERROR;
				GCC_WARN_UNDECLARED_SELECTOR = YES;
				GCC_WARN_UNINITIALIZED_AUTOS = YES_AGGRESSIVE;
				GCC_WARN_UNUSED_FUNCTION = YES;
				GCC_WARN_UNUSED_VARIABLE = YES;
				IPHONEOS_DEPLOYMENT_TARGET = 11.2;
				MTL_ENABLE_DEBUG_INFO = NO;
				SDKROOT = iphoneos;
				VALIDATE_PRODUCT = YES;
			};
			name = Release;
		};
		EBDF11D9200834FC00F120AE /* Debug */ = {
			isa = XCBuildConfiguration;
			buildSettings = {
				ASSETCATALOG_COMPILER_APPICON_NAME = AppIcon;
				CODE_SIGN_STYLE = Automatic;
				DEVELOPMENT_TEAM = A5QCR79C6D;
				INFOPLIST_FILE = AquariumHelper/Info.plist;
				IPHONEOS_DEPLOYMENT_TARGET = 11.0;
				LD_RUNPATH_SEARCH_PATHS = "$(inherited) @executable_path/Frameworks";
				PRODUCT_BUNDLE_IDENTIFIER = com.kenzheng.AquariumHelper;
				PRODUCT_NAME = "$(TARGET_NAME)";
				SWIFT_VERSION = 3.2;
				TARGETED_DEVICE_FAMILY = "1,2";
			};
			name = Debug;
		};
		EBDF11DA200834FC00F120AE /* Release */ = {
			isa = XCBuildConfiguration;
			buildSettings = {
				ASSETCATALOG_COMPILER_APPICON_NAME = AppIcon;
				CODE_SIGN_STYLE = Automatic;
				DEVELOPMENT_TEAM = A5QCR79C6D;
				INFOPLIST_FILE = AquariumHelper/Info.plist;
				IPHONEOS_DEPLOYMENT_TARGET = 11.0;
				LD_RUNPATH_SEARCH_PATHS = "$(inherited) @executable_path/Frameworks";
				PRODUCT_BUNDLE_IDENTIFIER = com.kenzheng.AquariumHelper;
				PRODUCT_NAME = "$(TARGET_NAME)";
				SWIFT_VERSION = 3.2;
				TARGETED_DEVICE_FAMILY = "1,2";
			};
			name = Release;
		};
/* End XCBuildConfiguration section */

/* Begin XCConfigurationList section */
		EBDF11BD200834FC00F120AE /* Build configuration list for PBXProject "AquariumHelper" */ = {
			isa = XCConfigurationList;
			buildConfigurations = (
				EBDF11D6200834FC00F120AE /* Debug */,
				EBDF11D7200834FC00F120AE /* Release */,
			);
			defaultConfigurationIsVisible = 0;
			defaultConfigurationName = Release;
		};
		EBDF11D8200834FC00F120AE /* Build configuration list for PBXNativeTarget "AquariumHelper" */ = {
			isa = XCConfigurationList;
			buildConfigurations = (
				EBDF11D9200834FC00F120AE /* Debug */,
				EBDF11DA200834FC00F120AE /* Release */,
			);
			defaultConfigurationIsVisible = 0;
			defaultConfigurationName = Release;
		};
/* End XCConfigurationList section */

/* Begin XCVersionGroup section */
		EBDF11DB20083B4800F120AE /* Model.xcdatamodeld */ = {
			isa = XCVersionGroup;
			children = (
				EBDF11DC20083B4800F120AE /* Model.xcdatamodel */,
			);
			currentVersion = EBDF11DC20083B4800F120AE /* Model.xcdatamodel */;
			path = Model.xcdatamodeld;
			sourceTree = "<group>";
			versionGroupType = wrapper.xcdatamodel;
		};
/* End XCVersionGroup section */
	};
	rootObject = EBDF11BA200834FC00F120AE /* Project object */;
}
